
Microsoft Visual Studio Solution File, Format Version 12.00
# Visual Studio Version 16
VisualStudioVersion = 16.0.31911.196
MinimumVisualStudioVersion = 10.0.40219.1
Project("{FAE04EC0-301F-11D3-BF4B-00C04F79EFBC}") = "Day6_namespace_oops", "Day6_namespace_oops\Day6_namespace_oops.csproj", "{A2737EA4-3A40-4454-A6E5-1BE90418769F}"
EndProject
Global
	GlobalSection(SolutionConfigurationPlatforms) = preSolution
		Debug|Any CPU = Debug|Any CPU
		Release|Any CPU = Release|Any CPU
	EndGlobalSection
	GlobalSection(ProjectConfigurationPlatforms) = postSolution
		{A2737EA4-3A40-4454-A6E5-1BE90418769F}.Debug|Any CPU.ActiveCfg = Debug|Any CPU
		{A2737EA4-3A40-4454-A6E5-1BE90418769F}.Debug|Any CPU.Build.0 = Debug|Any CPU
		{A2737EA4-3A40-4454-A6E5-1BE90418769F}.Release|Any CPU.ActiveCfg = Release|Any CPU
		{A2737EA4-3A40-4454-A6E5-1BE90418769F}.Release|Any CPU.Build.0 = Release|Any CPU
	EndGlobalSection
	GlobalSection(SolutionProperties) = preSolution
		HideSolutionNode = FALSE
	EndGlobalSection
	GlobalSection(ExtensibilityGlobals) = postSolution
		SolutionGuid = {1DE077D4-49F4-4740-8F4E-F0448E0334B1}
	EndGlobalSection
EndGlobal
